
Microsoft Visual Studio Solution File, Format Version 12.00
# Visual Studio 15
VisualStudioVersion = 15.0.26730.16
MinimumVisualStudioVersion = 10.0.40219.1
Project("{FAE04EC0-301F-11D3-BF4B-00C04F79EFBC}") = "AstrophotographyBlog.Web", "AstrophotographyBlog.Web\AstrophotographyBlog.Web.csproj", "{CE366E5A-7124-4626-88D0-2D2D03A6CBD8}"
EndProject
Project("{FAE04EC0-301F-11D3-BF4B-00C04F79EFBC}") = "AstrophotographyBlog.Web.Tests", "AstrophotographyBlog.Web.Tests\AstrophotographyBlog.Web.Tests.csproj", "{5503D85D-189F-4D37-9043-0F0E4C7194A7}"
EndProject
Project("{FAE04EC0-301F-11D3-BF4B-00C04F79EFBC}") = "AstrophotographyBlog.Data.Models", "AstrophotographyBlog.Data.Models\AstrophotographyBlog.Data.Models.csproj", "{5793DED1-C00B-4128-93DB-915C846E98C7}"
EndProject
Project("{FAE04EC0-301F-11D3-BF4B-00C04F79EFBC}") = "AstrophotographyBlog.Data", "AstrophotographyBlog.Data\AstrophotographyBlog.Data.csproj", "{8B8962D7-C0F5-4E9D-8B18-BD065F210EFC}"
EndProject
Project("{2150E333-8FDC-42A3-9474-1A3956D46DE8}") = "Services", "Services", "{F91B157B-B936-44F1-8949-2D7751478C18}"
EndProject
Project("{FAE04EC0-301F-11D3-BF4B-00C04F79EFBC}") = "AstrophotographyBlog.Services.Data", "AstrophotographyBlog.Services.Data\AstrophotographyBlog.Services.Data.csproj", "{1195FA3C-18D9-48F5-A0E2-8D5C84C8FDF0}"
EndProject
Project("{2150E333-8FDC-42A3-9474-1A3956D46DE8}") = "Data", "Data", "{4D11B828-FFAD-4094-89D7-0102F699AAE7}"
EndProject
Global
	GlobalSection(SolutionConfigurationPlatforms) = preSolution
		Debug|Any CPU = Debug|Any CPU
		Release|Any CPU = Release|Any CPU
	EndGlobalSection
	GlobalSection(ProjectConfigurationPlatforms) = postSolution
		{CE366E5A-7124-4626-88D0-2D2D03A6CBD8}.Debug|Any CPU.ActiveCfg = Debug|Any CPU
		{CE366E5A-7124-4626-88D0-2D2D03A6CBD8}.Debug|Any CPU.Build.0 = Debug|Any CPU
		{CE366E5A-7124-4626-88D0-2D2D03A6CBD8}.Release|Any CPU.ActiveCfg = Release|Any CPU
		{CE366E5A-7124-4626-88D0-2D2D03A6CBD8}.Release|Any CPU.Build.0 = Release|Any CPU
		{5503D85D-189F-4D37-9043-0F0E4C7194A7}.Debug|Any CPU.ActiveCfg = Debug|Any CPU
		{5503D85D-189F-4D37-9043-0F0E4C7194A7}.Debug|Any CPU.Build.0 = Debug|Any CPU
		{5503D85D-189F-4D37-9043-0F0E4C7194A7}.Release|Any CPU.ActiveCfg = Release|Any CPU
		{5503D85D-189F-4D37-9043-0F0E4C7194A7}.Release|Any CPU.Build.0 = Release|Any CPU
		{5793DED1-C00B-4128-93DB-915C846E98C7}.Debug|Any CPU.ActiveCfg = Debug|Any CPU
		{5793DED1-C00B-4128-93DB-915C846E98C7}.Debug|Any CPU.Build.0 = Debug|Any CPU
		{5793DED1-C00B-4128-93DB-915C846E98C7}.Release|Any CPU.ActiveCfg = Release|Any CPU
		{5793DED1-C00B-4128-93DB-915C846E98C7}.Release|Any CPU.Build.0 = Release|Any CPU
		{8B8962D7-C0F5-4E9D-8B18-BD065F210EFC}.Debug|Any CPU.ActiveCfg = Debug|Any CPU
		{8B8962D7-C0F5-4E9D-8B18-BD065F210EFC}.Debug|Any CPU.Build.0 = Debug|Any CPU
		{8B8962D7-C0F5-4E9D-8B18-BD065F210EFC}.Release|Any CPU.ActiveCfg = Release|Any CPU
		{8B8962D7-C0F5-4E9D-8B18-BD065F210EFC}.Release|Any CPU.Build.0 = Release|Any CPU
		{1195FA3C-18D9-48F5-A0E2-8D5C84C8FDF0}.Debug|Any CPU.ActiveCfg = Debug|Any CPU
		{1195FA3C-18D9-48F5-A0E2-8D5C84C8FDF0}.Debug|Any CPU.Build.0 = Debug|Any CPU
		{1195FA3C-18D9-48F5-A0E2-8D5C84C8FDF0}.Release|Any CPU.ActiveCfg = Release|Any CPU
		{1195FA3C-18D9-48F5-A0E2-8D5C84C8FDF0}.Release|Any CPU.Build.0 = Release|Any CPU
	EndGlobalSection
	GlobalSection(SolutionProperties) = preSolution
		HideSolutionNode = FALSE
	EndGlobalSection
	GlobalSection(NestedProjects) = preSolution
		{5793DED1-C00B-4128-93DB-915C846E98C7} = {4D11B828-FFAD-4094-89D7-0102F699AAE7}
		{8B8962D7-C0F5-4E9D-8B18-BD065F210EFC} = {4D11B828-FFAD-4094-89D7-0102F699AAE7}
		{1195FA3C-18D9-48F5-A0E2-8D5C84C8FDF0} = {F91B157B-B936-44F1-8949-2D7751478C18}
	EndGlobalSection
	GlobalSection(ExtensibilityGlobals) = postSolution
		SolutionGuid = {FF9A4BD1-9AA7-4687-BA81-8247F40DFF07}
	EndGlobalSection
EndGlobal
